
Microsoft Visual Studio Solution File, Format Version 12.00
# Visual Studio Version 16
VisualStudioVersion = 16.0.31410.357
MinimumVisualStudioVersion = 10.0.40219.1
Project("{FAE04EC0-301F-11D3-BF4B-00C04F79EFBC}") = "MoviesDaapper", "MoviesDaapper.csproj", "{A8DA24E9-4DC3-430C-B902-00A8318114E6}"
EndProject
Global
	GlobalSection(SolutionConfigurationPlatforms) = preSolution
		Debug|Any CPU = Debug|Any CPU
		Release|Any CPU = Release|Any CPU
	EndGlobalSection
	GlobalSection(ProjectConfigurationPlatforms) = postSolution
		{A8DA24E9-4DC3-430C-B902-00A8318114E6}.Debug|Any CPU.ActiveCfg = Debug|Any CPU
		{A8DA24E9-4DC3-430C-B902-00A8318114E6}.Debug|Any CPU.Build.0 = Debug|Any CPU
		{A8DA24E9-4DC3-430C-B902-00A8318114E6}.Release|Any CPU.ActiveCfg = Release|Any CPU
		{A8DA24E9-4DC3-430C-B902-00A8318114E6}.Release|Any CPU.Build.0 = Release|Any CPU
	EndGlobalSection
	GlobalSection(SolutionProperties) = preSolution
		HideSolutionNode = FALSE
	EndGlobalSection
	GlobalSection(ExtensibilityGlobals) = postSolution
		SolutionGuid = {ABD28CA8-4498-45EB-AB08-7B32E27ABA6B}
	EndGlobalSection
EndGlobal
