
Microsoft Visual Studio Solution File, Format Version 12.00
# Visual Studio Version 16
VisualStudioVersion = 16.0.31410.357
MinimumVisualStudioVersion = 10.0.40219.1
Project("{FAE04EC0-301F-11D3-BF4B-00C04F79EFBC}") = "ReactMVC", "ReactMVC.csproj", "{5AD8A64E-8F91-4DE2-A161-3F03FDC87E41}"
EndProject
Global
	GlobalSection(SolutionConfigurationPlatforms) = preSolution
		Debug|Any CPU = Debug|Any CPU
		Release|Any CPU = Release|Any CPU
	EndGlobalSection
	GlobalSection(ProjectConfigurationPlatforms) = postSolution
		{5AD8A64E-8F91-4DE2-A161-3F03FDC87E41}.Debug|Any CPU.ActiveCfg = Debug|Any CPU
		{5AD8A64E-8F91-4DE2-A161-3F03FDC87E41}.Debug|Any CPU.Build.0 = Debug|Any CPU
		{5AD8A64E-8F91-4DE2-A161-3F03FDC87E41}.Release|Any CPU.ActiveCfg = Release|Any CPU
		{5AD8A64E-8F91-4DE2-A161-3F03FDC87E41}.Release|Any CPU.Build.0 = Release|Any CPU
	EndGlobalSection
	GlobalSection(SolutionProperties) = preSolution
		HideSolutionNode = FALSE
	EndGlobalSection
	GlobalSection(ExtensibilityGlobals) = postSolution
		SolutionGuid = {E533455D-F3D1-4E2C-9E9E-BC7F4AD7BB93}
	EndGlobalSection
EndGlobal
